# This file is automatically @generated by Cargo.
# It is not intended for manual editing.
version = 4

[[package]]
name = "biweb-arrow-utils"
version = "0.0.0"

[[package]]
name = "biweb-connector-clickhouse"
version = "0.0.0"

[[package]]
name = "biweb-connector-postgres"
version = "0.0.0"

[[package]]
name = "biweb-connector-sdk"
version = "0.0.0"

[[package]]
name = "biweb-ingest-executor"
version = "0.0.0"

[[package]]
name = "biweb-insights"
version = "0.0.0"

[[package]]
name = "biweb-policy"
version = "0.0.0"

[[package]]
name = "biweb-preagg"
version = "0.0.0"

[[package]]
name = "biweb-query-planner"
version = "0.0.0"

[[package]]
name = "biweb-query-service"
version = "0.0.0"

[[package]]
name = "biweb-realtime-gateway"
version = "0.0.0"

[[package]]
name = "biweb-semantic"
version = "0.0.0"

[[package]]
name = "biweb-sql-dialects"
version = "0.0.0"

[[package]]
name = "biweb-stream-processor"
version = "0.0.0"

[[package]]
name = "biweb-telemetry"
version = "0.0.0"

[[package]]
name = "biweb-transform-engine"
version = "0.0.0"

[[package]]
name = "biweb-wasm-bindings"
version = "0.0.0"
